
Microsoft Visual Studio Solution File, Format Version 12.00
# Visual Studio 15
VisualStudioVersion = 15.0.28307.1022
MinimumVisualStudioVersion = 10.0.40219.1
Project("{8BC9CEB8-8B4A-11D0-8D11-00A0C91BC942}") = "ATLProject1", "ATLProject1\ATLProject1.vcxproj", "{CF68A8D5-0A7F-42D8-BB07-889E33B2915D}"
EndProject
Project("{8BC9CEB8-8B4A-11D0-8D11-00A0C91BC942}") = "ATLProject1PS", "ATLProject1PS\ATLProject1PS.vcxproj", "{3BCE2B7A-89E7-4413-819D-1564F145C74C}"
	ProjectSection(ProjectDependencies) = postProject
		{CF68A8D5-0A7F-42D8-BB07-889E33B2915D} = {CF68A8D5-0A7F-42D8-BB07-889E33B2915D}
	EndProjectSection
EndProject
Global
	GlobalSection(SolutionConfigurationPlatforms) = preSolution
		Debug|x64 = Debug|x64
		Debug|x86 = Debug|x86
		Release|x64 = Release|x64
		Release|x86 = Release|x86
	EndGlobalSection
	GlobalSection(ProjectConfigurationPlatforms) = postSolution
		{CF68A8D5-0A7F-42D8-BB07-889E33B2915D}.Debug|x64.ActiveCfg = Debug|x64
		{CF68A8D5-0A7F-42D8-BB07-889E33B2915D}.Debug|x64.Build.0 = Debug|x64
		{CF68A8D5-0A7F-42D8-BB07-889E33B2915D}.Debug|x86.ActiveCfg = Debug|Win32
		{CF68A8D5-0A7F-42D8-BB07-889E33B2915D}.Debug|x86.Build.0 = Debug|Win32
		{CF68A8D5-0A7F-42D8-BB07-889E33B2915D}.Release|x64.ActiveCfg = Release|x64
		{CF68A8D5-0A7F-42D8-BB07-889E33B2915D}.Release|x64.Build.0 = Release|x64
		{CF68A8D5-0A7F-42D8-BB07-889E33B2915D}.Release|x86.ActiveCfg = Release|Win32
		{CF68A8D5-0A7F-42D8-BB07-889E33B2915D}.Release|x86.Build.0 = Release|Win32
		{3BCE2B7A-89E7-4413-819D-1564F145C74C}.Debug|x64.ActiveCfg = Debug|x64
		{3BCE2B7A-89E7-4413-819D-1564F145C74C}.Debug|x86.ActiveCfg = Debug|Win32
		{3BCE2B7A-89E7-4413-819D-1564F145C74C}.Release|x64.ActiveCfg = Release|x64
		{3BCE2B7A-89E7-4413-819D-1564F145C74C}.Release|x86.ActiveCfg = Release|Win32
	EndGlobalSection
	GlobalSection(SolutionProperties) = preSolution
		HideSolutionNode = FALSE
	EndGlobalSection
	GlobalSection(ExtensibilityGlobals) = postSolution
		SolutionGuid = {90221D3A-7F4C-4A84-87AF-F3CEDF8AA0D0}
	EndGlobalSection
EndGlobal
